
Microsoft Visual Studio Solution File, Format Version 12.00
Project("{FAE04EC0-301F-11D3-BF4B-00C04F79EFBC}") = "Cw8", "Cw8.csproj", "{24738077-D3F3-423A-987A-185D246B1F27}"
EndProject
Global
	GlobalSection(SolutionConfigurationPlatforms) = preSolution
		Debug|Any CPU = Debug|Any CPU
		Release|Any CPU = Release|Any CPU
	EndGlobalSection
	GlobalSection(ProjectConfigurationPlatforms) = postSolution
		{24738077-D3F3-423A-987A-185D246B1F27}.Debug|Any CPU.ActiveCfg = Debug|Any CPU
		{24738077-D3F3-423A-987A-185D246B1F27}.Debug|Any CPU.Build.0 = Debug|Any CPU
		{24738077-D3F3-423A-987A-185D246B1F27}.Release|Any CPU.ActiveCfg = Release|Any CPU
		{24738077-D3F3-423A-987A-185D246B1F27}.Release|Any CPU.Build.0 = Release|Any CPU
	EndGlobalSection
EndGlobal
